// !$*UTF8*$!
{
	archiveVersion = 1;
	classes = {
	};
	objectVersion = 46;
	objects = {

/* Begin PBXBuildFile section */
		D14CE25D1DDF07470045D612 /* LoginViewController.swift in Sources */ = {isa = PBXBuildFile; fileRef = D14CE25C1DDF07470045D612 /* LoginViewController.swift */; };
		D14CE2611DDF120C0045D612 /* NewOrEditViewController.swift in Sources */ = {isa = PBXBuildFile; fileRef = D14CE2601DDF120C0045D612 /* NewOrEditViewController.swift */; };
		D14CE2631DDF12590045D612 /* CarDetailsViewController.swift in Sources */ = {isa = PBXBuildFile; fileRef = D14CE2621DDF12590045D612 /* CarDetailsViewController.swift */; };
		D1A7936B1DF985D6003E9DC5 /* BorderedTextView.swift in Sources */ = {isa = PBXBuildFile; fileRef = D1A7936A1DF985D6003E9DC5 /* BorderedTextView.swift */; };
		D1AB1D931DDDD576002DA6FB /* AppDelegate.swift in Sources */ = {isa = PBXBuildFile; fileRef = D1AB1D921DDDD576002DA6FB /* AppDelegate.swift */; };
		D1AB1D951DDDD576002DA6FB /* ViewController.swift in Sources */ = {isa = PBXBuildFile; fileRef = D1AB1D941DDDD576002DA6FB /* ViewController.swift */; };
		D1AB1D9A1DDDD576002DA6FB /* Assets.xcassets in Resources */ = {isa = PBXBuildFile; fileRef = D1AB1D991DDDD576002DA6FB /* Assets.xcassets */; };
		D1AB1D9D1DDDD576002DA6FB /* LaunchScreen.storyboard in Resources */ = {isa = PBXBuildFile; fileRef = D1AB1D9B1DDDD576002DA6FB /* LaunchScreen.storyboard */; };
		D1AB1DA81DDDD8E6002DA6FB /* CarViewClass.swift in Sources */ = {isa = PBXBuildFile; fileRef = D1AB1DA71DDDD8E6002DA6FB /* CarViewClass.swift */; };
		D1AB1DAD1DDDFEFB002DA6FB /* Car.swift in Sources */ = {isa = PBXBuildFile; fileRef = D1AB1DAC1DDDFEFB002DA6FB /* Car.swift */; };
		D1AF19041DE3444000B6409B /* Main.storyboard in Resources */ = {isa = PBXBuildFile; fileRef = D1AF19031DE3444000B6409B /* Main.storyboard */; };
/* End PBXBuildFile section */

/* Begin PBXFileReference section */
		D14CE25C1DDF07470045D612 /* LoginViewController.swift */ = {isa = PBXFileReference; fileEncoding = 4; lastKnownFileType = sourcecode.swift; path = LoginViewController.swift; sourceTree = "<group>"; };
		D14CE2601DDF120C0045D612 /* NewOrEditViewController.swift */ = {isa = PBXFileReference; fileEncoding = 4; lastKnownFileType = sourcecode.swift; path = NewOrEditViewController.swift; sourceTree = "<group>"; };
		D14CE2621DDF12590045D612 /* CarDetailsViewController.swift */ = {isa = PBXFileReference; fileEncoding = 4; lastKnownFileType = sourcecode.swift; path = CarDetailsViewController.swift; sourceTree = "<group>"; };
		D1A7936A1DF985D6003E9DC5 /* BorderedTextView.swift */ = {isa = PBXFileReference; fileEncoding = 4; lastKnownFileType = sourcecode.swift; path = BorderedTextView.swift; sourceTree = "<group>"; };
		D1AB1D8F1DDDD576002DA6FB /* Cars.app */ = {isa = PBXFileReference; explicitFileType = wrapper.application; includeInIndex = 0; path = Cars.app; sourceTree = BUILT_PRODUCTS_DIR; };
		D1AB1D921DDDD576002DA6FB /* AppDelegate.swift */ = {isa = PBXFileReference; lastKnownFileType = sourcecode.swift; path = AppDelegate.swift; sourceTree = "<group>"; };
		D1AB1D941DDDD576002DA6FB /* ViewController.swift */ = {isa = PBXFileReference; lastKnownFileType = sourcecode.swift; path = ViewController.swift; sourceTree = "<group>"; };
		D1AB1D991DDDD576002DA6FB /* Assets.xcassets */ = {isa = PBXFileReference; lastKnownFileType = folder.assetcatalog; path = Assets.xcassets; sourceTree = "<group>"; };
		D1AB1D9C1DDDD576002DA6FB /* Base */ = {isa = PBXFileReference; lastKnownFileType = file.storyboard; name = Base; path = Base.lproj/LaunchScreen.storyboard; sourceTree = "<group>"; };
		D1AB1D9E1DDDD576002DA6FB /* Info.plist */ = {isa = PBXFileReference; lastKnownFileType = text.plist.xml; path = Info.plist; sourceTree = "<group>"; };
		D1AB1DA71DDDD8E6002DA6FB /* CarViewClass.swift */ = {isa = PBXFileReference; fileEncoding = 4; lastKnownFileType = sourcecode.swift; path = CarViewClass.swift; sourceTree = "<group>"; };
		D1AB1DAC1DDDFEFB002DA6FB /* Car.swift */ = {isa = PBXFileReference; fileEncoding = 4; lastKnownFileType = sourcecode.swift; path = Car.swift; sourceTree = "<group>"; };
		D1AF19031DE3444000B6409B /* Main.storyboard */ = {isa = PBXFileReference; fileEncoding = 4; lastKnownFileType = file.storyboard; path = Main.storyboard; sourceTree = "<group>"; };
/* End PBXFileReference section */

/* Begin PBXFrameworksBuildPhase section */
		D1AB1D8C1DDDD576002DA6FB /* Frameworks */ = {
			isa = PBXFrameworksBuildPhase;
			buildActionMask = 2147483647;
			files = (
			);
			runOnlyForDeploymentPostprocessing = 0;
		};
/* End PBXFrameworksBuildPhase section */

/* Begin PBXGroup section */
		D1AB1D861DDDD576002DA6FB = {
			isa = PBXGroup;
			children = (
				D1AB1D911DDDD576002DA6FB /* Cars */,
				D1AB1D901DDDD576002DA6FB /* Products */,
			);
			sourceTree = "<group>";
		};
		D1AB1D901DDDD576002DA6FB /* Products */ = {
			isa = PBXGroup;
			children = (
				D1AB1D8F1DDDD576002DA6FB /* Cars.app */,
			);
			name = Products;
			sourceTree = "<group>";
		};
		D1AB1D911DDDD576002DA6FB /* Cars */ = {
			isa = PBXGroup;
			children = (
				D1AB1DA61DDDD58D002DA6FB /* Model */,
				D1AB1DA51DDDD588002DA6FB /* View */,
				D1AB1DA41DDDD582002DA6FB /* Controller */,
				D1AB1D921DDDD576002DA6FB /* AppDelegate.swift */,
				D1AB1D991DDDD576002DA6FB /* Assets.xcassets */,
				D1AF19031DE3444000B6409B /* Main.storyboard */,
				D1AB1D9B1DDDD576002DA6FB /* LaunchScreen.storyboard */,
				D1AB1D9E1DDDD576002DA6FB /* Info.plist */,
			);
			path = Cars;
			sourceTree = "<group>";
		};
		D1AB1DA41DDDD582002DA6FB /* Controller */ = {
			isa = PBXGroup;
			children = (
				D1AB1D941DDDD576002DA6FB /* ViewController.swift */,
				D14CE25C1DDF07470045D612 /* LoginViewController.swift */,
				D14CE2601DDF120C0045D612 /* NewOrEditViewController.swift */,
				D14CE2621DDF12590045D612 /* CarDetailsViewController.swift */,
			);
			name = Controller;
			sourceTree = "<group>";
		};
		D1AB1DA51DDDD588002DA6FB /* View */ = {
			isa = PBXGroup;
			children = (
				D1AB1DA71DDDD8E6002DA6FB /* CarViewClass.swift */,
				D1A7936A1DF985D6003E9DC5 /* BorderedTextView.swift */,
			);
			name = View;
			sourceTree = "<group>";
		};
		D1AB1DA61DDDD58D002DA6FB /* Model */ = {
			isa = PBXGroup;
			children = (
				D1AB1DAC1DDDFEFB002DA6FB /* Car.swift */,
			);
			name = Model;
			sourceTree = "<group>";
		};
/* End PBXGroup section */

/* Begin PBXNativeTarget section */
		D1AB1D8E1DDDD576002DA6FB /* Cars */ = {
			isa = PBXNativeTarget;
			buildConfigurationList = D1AB1DA11DDDD576002DA6FB /* Build configuration list for PBXNativeTarget "Cars" */;
			buildPhases = (
				D1AB1D8B1DDDD576002DA6FB /* Sources */,
				D1AB1D8C1DDDD576002DA6FB /* Frameworks */,
				D1AB1D8D1DDDD576002DA6FB /* Resources */,
			);
			buildRules = (
			);
			dependencies = (
			);
			name = Cars;
			productName = Cars;
			productReference = D1AB1D8F1DDDD576002DA6FB /* Cars.app */;
			productType = "com.apple.product-type.application";
		};
/* End PBXNativeTarget section */

/* Begin PBXProject section */
		D1AB1D871DDDD576002DA6FB /* Project object */ = {
			isa = PBXProject;
			attributes = {
				LastSwiftUpdateCheck = 0810;
				LastUpgradeCheck = 0810;
				ORGANIZATIONNAME = AleksandarYanev;
				TargetAttributes = {
					D1AB1D8E1DDDD576002DA6FB = {
						CreatedOnToolsVersion = 8.1;
						ProvisioningStyle = Automatic;
					};
				};
			};
			buildConfigurationList = D1AB1D8A1DDDD576002DA6FB /* Build configuration list for PBXProject "Cars" */;
			compatibilityVersion = "Xcode 3.2";
			developmentRegion = English;
			hasScannedForEncodings = 0;
			knownRegions = (
				en,
				Base,
			);
			mainGroup = D1AB1D861DDDD576002DA6FB;
			productRefGroup = D1AB1D901DDDD576002DA6FB /* Products */;
			projectDirPath = "";
			projectRoot = "";
			targets = (
				D1AB1D8E1DDDD576002DA6FB /* Cars */,
			);
		};
/* End PBXProject section */

/* Begin PBXResourcesBuildPhase section */
		D1AB1D8D1DDDD576002DA6FB /* Resources */ = {
			isa = PBXResourcesBuildPhase;
			buildActionMask = 2147483647;
			files = (
				D1AF19041DE3444000B6409B /* Main.storyboard in Resources */,
				D1AB1D9D1DDDD576002DA6FB /* LaunchScreen.storyboard in Resources */,
				D1AB1D9A1DDDD576002DA6FB /* Assets.xcassets in Resources */,
			);
			runOnlyForDeploymentPostprocessing = 0;
		};
/* End PBXResourcesBuildPhase section */

/* Begin PBXSourcesBuildPhase section */
		D1AB1D8B1DDDD576002DA6FB /* Sources */ = {
			isa = PBXSourcesBuildPhase;
			buildActionMask = 2147483647;
			files = (
				D1A7936B1DF985D6003E9DC5 /* BorderedTextView.swift in Sources */,
				D14CE2611DDF120C0045D612 /* NewOrEditViewController.swift in Sources */,
				D14CE2631DDF12590045D612 /* CarDetailsViewController.swift in Sources */,
				D1AB1DA81DDDD8E6002DA6FB /* CarViewClass.swift in Sources */,
				D1AB1D951DDDD576002DA6FB /* ViewController.swift in Sources */,
				D1AB1DAD1DDDFEFB002DA6FB /* Car.swift in Sources */,
				D14CE25D1DDF07470045D612 /* LoginViewController.swift in Sources */,
				D1AB1D931DDDD576002DA6FB /* AppDelegate.swift in Sources */,
			);
			runOnlyForDeploymentPostprocessing = 0;
		};
/* End PBXSourcesBuildPhase section */

/* Begin PBXVariantGroup section */
		D1AB1D9B1DDDD576002DA6FB /* LaunchScreen.storyboard */ = {
			isa = PBXVariantGroup;
			children = (
				D1AB1D9C1DDDD576002DA6FB /* Base */,
			);
			name = LaunchScreen.storyboard;
			sourceTree = "<group>";
		};
/* End PBXVariantGroup section */

/* Begin XCBuildConfiguration section */
		D1AB1D9F1DDDD576002DA6FB /* Debug */ = {
			isa = XCBuildConfiguration;
			buildSettings = {
				ALWAYS_SEARCH_USER_PATHS = NO;
				CLANG_ANALYZER_NONNULL = YES;
				CLANG_CXX_LANGUAGE_STANDARD = "gnu++0x";
				CLANG_CXX_LIBRARY = "libc++";
				CLANG_ENABLE_MODULES = YES;
				CLANG_ENABLE_OBJC_ARC = YES;
				CLANG_WARN_BOOL_CONVERSION = YES;
				CLANG_WARN_CONSTANT_CONVERSION = YES;
				CLANG_WARN_DIRECT_OBJC_ISA_USAGE = YES_ERROR;
				CLANG_WARN_DOCUMENTATION_COMMENTS = YES;
				CLANG_WARN_EMPTY_BODY = YES;
				CLANG_WARN_ENUM_CONVERSION = YES;
				CLANG_WARN_INFINITE_RECURSION = YES;
				CLANG_WARN_INT_CONVERSION = YES;
				CLANG_WARN_OBJC_ROOT_CLASS = YES_ERROR;
				CLANG_WARN_SUSPICIOUS_MOVES = YES;
				CLANG_WARN_UNREACHABLE_CODE = YES;
				CLANG_WARN__DUPLICATE_METHOD_MATCH = YES;
				"CODE_SIGN_IDENTITY[sdk=iphoneos*]" = "iPhone Developer";
				COPY_PHASE_STRIP = NO;
				DEBUG_INFORMATION_FORMAT = dwarf;
				ENABLE_STRICT_OBJC_MSGSEND = YES;
				ENABLE_TESTABILITY = YES;
				GCC_C_LANGUAGE_STANDARD = gnu99;
				GCC_DYNAMIC_NO_PIC = NO;
				GCC_NO_COMMON_BLOCKS = YES;
				GCC_OPTIMIZATION_LEVEL = 0;
				GCC_PREPROCESSOR_DEFINITIONS = (
					"DEBUG=1",
					"$(inherited)",
				);
				GCC_WARN_64_TO_32_BIT_CONVERSION = YES;
				GCC_WARN_ABOUT_RETURN_TYPE = YES_ERROR;
				GCC_WARN_UNDECLARED_SELECTOR = YES;
				GCC_WARN_UNINITIALIZED_AUTOS = YES_AGGRESSIVE;
				GCC_WARN_UNUSED_FUNCTION = YES;
				GCC_WARN_UNUSED_VARIABLE = YES;
				IPHONEOS_DEPLOYMENT_TARGET = 9.0;
				MTL_ENABLE_DEBUG_INFO = YES;
				ONLY_ACTIVE_ARCH = YES;
				SDKROOT = iphoneos;
				SWIFT_ACTIVE_COMPILATION_CONDITIONS = DEBUG;
				SWIFT_OPTIMIZATION_LEVEL = "-Onone";
				TARGETED_DEVICE_FAMILY = "1,2";
			};
			name = Debug;
		};
		D1AB1DA01DDDD576002DA6FB /* Release */ = {
			isa = XCBuildConfiguration;
			buildSettings = {
				ALWAYS_SEARCH_USER_PATHS = NO;
				CLANG_ANALYZER_NONNULL = YES;
				CLANG_CXX_LANGUAGE_STANDARD = "gnu++0x";
				CLANG_CXX_LIBRARY = "libc++";
				CLANG_ENABLE_MODULES = YES;
				CLANG_ENABLE_OBJC_ARC = YES;
				CLANG_WARN_BOOL_CONVERSION = YES;
				CLANG_WARN_CONSTANT_CONVERSION = YES;
				CLANG_WARN_DIRECT_OBJC_ISA_USAGE = YES_ERROR;
				CLANG_WARN_DOCUMENTATION_COMMENTS = YES;
				CLANG_WARN_EMPTY_BODY = YES;
				CLANG_WARN_ENUM_CONVERSION = YES;
				CLANG_WARN_INFINITE_RECURSION = YES;
				CLANG_WARN_INT_CONVERSION = YES;
				CLANG_WARN_OBJC_ROOT_CLASS = YES_ERROR;
				CLANG_WARN_SUSPICIOUS_MOVES = YES;
				CLANG_WARN_UNREACHABLE_CODE = YES;
				CLANG_WARN__DUPLICATE_METHOD_MATCH = YES;
				"CODE_SIGN_IDENTITY[sdk=iphoneos*]" = "iPhone Developer";
				COPY_PHASE_STRIP = NO;
				DEBUG_INFORMATION_FORMAT = "dwarf-with-dsym";
				ENABLE_NS_ASSERTIONS = NO;
				ENABLE_STRICT_OBJC_MSGSEND = YES;
				GCC_C_LANGUAGE_STANDARD = gnu99;
				GCC_NO_COMMON_BLOCKS = YES;
				GCC_WARN_64_TO_32_BIT_CONVERSION = YES;
				GCC_WARN_ABOUT_RETURN_TYPE = YES_ERROR;
				GCC_WARN_UNDECLARED_SELECTOR = YES;
				GCC_WARN_UNINITIALIZED_AUTOS = YES_AGGRESSIVE;
				GCC_WARN_UNUSED_FUNCTION = YES;
				GCC_WARN_UNUSED_VARIABLE = YES;
				IPHONEOS_DEPLOYMENT_TARGET = 9.0;
				MTL_ENABLE_DEBUG_INFO = NO;
				SDKROOT = iphoneos;
				SWIFT_OPTIMIZATION_LEVEL = "-Owholemodule";
				TARGETED_DEVICE_FAMILY = "1,2";
				VALIDATE_PRODUCT = YES;
			};
			name = Release;
		};
		D1AB1DA21DDDD576002DA6FB /* Debug */ = {
			isa = XCBuildConfiguration;
			buildSettings = {
				ASSETCATALOG_COMPILER_APPICON_NAME = AppIcon;
				INFOPLIST_FILE = Cars/Info.plist;
				LD_RUNPATH_SEARCH_PATHS = "$(inherited) @executable_path/Frameworks";
				PRODUCT_BUNDLE_IDENTIFIER = com.aleksandar.Cars;
				PRODUCT_NAME = "$(TARGET_NAME)";
				SWIFT_VERSION = 3.0;
			};
			name = Debug;
		};
		D1AB1DA31DDDD576002DA6FB /* Release */ = {
			isa = XCBuildConfiguration;
			buildSettings = {
				ASSETCATALOG_COMPILER_APPICON_NAME = AppIcon;
				INFOPLIST_FILE = Cars/Info.plist;
				LD_RUNPATH_SEARCH_PATHS = "$(inherited) @executable_path/Frameworks";
				PRODUCT_BUNDLE_IDENTIFIER = com.aleksandar.Cars;
				PRODUCT_NAME = "$(TARGET_NAME)";
				SWIFT_VERSION = 3.0;
			};
			name = Release;
		};
/* End XCBuildConfiguration section */

/* Begin XCConfigurationList section */
		D1AB1D8A1DDDD576002DA6FB /* Build configuration list for PBXProject "Cars" */ = {
			isa = XCConfigurationList;
			buildConfigurations = (
				D1AB1D9F1DDDD576002DA6FB /* Debug */,
				D1AB1DA01DDDD576002DA6FB /* Release */,
			);
			defaultConfigurationIsVisible = 0;
			defaultConfigurationName = Release;
		};
		D1AB1DA11DDDD576002DA6FB /* Build configuration list for PBXNativeTarget "Cars" */ = {
			isa = XCConfigurationList;
			buildConfigurations = (
				D1AB1DA21DDDD576002DA6FB /* Debug */,
				D1AB1DA31DDDD576002DA6FB /* Release */,
			);
			defaultConfigurationIsVisible = 0;
			defaultConfigurationName = Release;
		};
/* End XCConfigurationList section */
	};
	rootObject = D1AB1D871DDDD576002DA6FB /* Project object */;
}
